
Microsoft Visual Studio Solution File, Format Version 12.00
# Visual Studio Version 17
VisualStudioVersion = 17.11.35222.181
MinimumVisualStudioVersion = 10.0.40219.1
Project("{FAE04EC0-301F-11D3-BF4B-00C04F79EFBC}") = "CarzCo", "CarzCo.csproj", "{F7D05E9B-70F6-4DF4-BF39-B1EF77A67079}"
EndProject
Global
	GlobalSection(SolutionConfigurationPlatforms) = preSolution
		Debug|Any CPU = Debug|Any CPU
		Release|Any CPU = Release|Any CPU
	EndGlobalSection
	GlobalSection(ProjectConfigurationPlatforms) = postSolution
		{F7D05E9B-70F6-4DF4-BF39-B1EF77A67079}.Debug|Any CPU.ActiveCfg = Debug|Any CPU
		{F7D05E9B-70F6-4DF4-BF39-B1EF77A67079}.Debug|Any CPU.Build.0 = Debug|Any CPU
		{F7D05E9B-70F6-4DF4-BF39-B1EF77A67079}.Release|Any CPU.ActiveCfg = Release|Any CPU
		{F7D05E9B-70F6-4DF4-BF39-B1EF77A67079}.Release|Any CPU.Build.0 = Release|Any CPU
	EndGlobalSection
	GlobalSection(SolutionProperties) = preSolution
		HideSolutionNode = FALSE
	EndGlobalSection
	GlobalSection(ExtensibilityGlobals) = postSolution
		SolutionGuid = {FCDF628C-C544-49B1-B3FB-95CAFD95A800}
	EndGlobalSection
EndGlobal
